
Microsoft Visual Studio Solution File, Format Version 12.00
# Visual Studio Version 17
VisualStudioVersion = 17.4.33122.133
MinimumVisualStudioVersion = 10.0.40219.1
Project("{FAE04EC0-301F-11D3-BF4B-00C04F79EFBC}") = "Task2", "Task2\Task2.csproj", "{08C11DE3-C64F-4505-A2F1-0F391E32026A}"
EndProject
Global
	GlobalSection(SolutionConfigurationPlatforms) = preSolution
		Debug|Any CPU = Debug|Any CPU
		Release|Any CPU = Release|Any CPU
	EndGlobalSection
	GlobalSection(ProjectConfigurationPlatforms) = postSolution
		{08C11DE3-C64F-4505-A2F1-0F391E32026A}.Debug|Any CPU.ActiveCfg = Debug|Any CPU
		{08C11DE3-C64F-4505-A2F1-0F391E32026A}.Debug|Any CPU.Build.0 = Debug|Any CPU
		{08C11DE3-C64F-4505-A2F1-0F391E32026A}.Release|Any CPU.ActiveCfg = Release|Any CPU
		{08C11DE3-C64F-4505-A2F1-0F391E32026A}.Release|Any CPU.Build.0 = Release|Any CPU
	EndGlobalSection
	GlobalSection(SolutionProperties) = preSolution
		HideSolutionNode = FALSE
	EndGlobalSection
	GlobalSection(ExtensibilityGlobals) = postSolution
		SolutionGuid = {F7759BEF-27EE-417F-BDE9-BD244C2B4E69}
	EndGlobalSection
EndGlobal
